
Microsoft Visual Studio Solution File, Format Version 12.00
# Visual Studio Version 17
VisualStudioVersion = 17.8.34309.116
MinimumVisualStudioVersion = 10.0.40219.1
Project("{FAE04EC0-301F-11D3-BF4B-00C04F79EFBC}") = "Day10", "Day10\Day10.csproj", "{4C1272F1-F769-4271-AE99-34A8CE955795}"
EndProject
Project("{FAE04EC0-301F-11D3-BF4B-00C04F79EFBC}") = "Day11", "Day11\Day11.csproj", "{A33E51DC-69E8-421B-A552-58978D1F513A}"
EndProject
Project("{FAE04EC0-301F-11D3-BF4B-00C04F79EFBC}") = "Day12", "Day12\Day12.csproj", "{1EA41E8B-B5BC-4783-8FDA-FA5A1B380DB7}"
EndProject
Project("{FAE04EC0-301F-11D3-BF4B-00C04F79EFBC}") = "Day13", "Day13\Day13.csproj", "{C9AF81B0-5189-4C44-9CAA-5AD73A12340B}"
EndProject
Project("{FAE04EC0-301F-11D3-BF4B-00C04F79EFBC}") = "Day14", "Day14\Day14.csproj", "{F899A0A6-1D6D-4CB6-929F-4C21D81D2B75}"
EndProject
Project("{FAE04EC0-301F-11D3-BF4B-00C04F79EFBC}") = "Day15", "Day15\Day15.csproj", "{913B5B91-50AF-440D-8A54-19165D05277D}"
EndProject
Project("{FAE04EC0-301F-11D3-BF4B-00C04F79EFBC}") = "Day16", "Day16\Day16.csproj", "{5488EEE3-D010-49C3-8030-ADCC2F5783D1}"
EndProject
Project("{FAE04EC0-301F-11D3-BF4B-00C04F79EFBC}") = "Day17", "Day17\Day17.csproj", "{5F9EEBEC-8629-4E3F-AF9E-451EA72011A6}"
EndProject
Project("{FAE04EC0-301F-11D3-BF4B-00C04F79EFBC}") = "Day18", "Day18\Day18.csproj", "{1A896422-1003-4ADB-844A-FCFE342B968F}"
EndProject
Project("{FAE04EC0-301F-11D3-BF4B-00C04F79EFBC}") = "Day19", "Day19\Day19.csproj", "{45630E57-92B8-41E5-8DBD-C2EDACFB983A}"
EndProject
Project("{FAE04EC0-301F-11D3-BF4B-00C04F79EFBC}") = "Day20", "Day20\Day20.csproj", "{B0F7824F-09B5-4BCD-B82F-7614CF8F010B}"
EndProject
Project("{FAE04EC0-301F-11D3-BF4B-00C04F79EFBC}") = "Day21", "Day21\Day21.csproj", "{370B9306-A310-433E-A718-DD8D5E09EC16}"
EndProject
Project("{FAE04EC0-301F-11D3-BF4B-00C04F79EFBC}") = "Day22", "Day22\Day22.csproj", "{E32CE8EF-E4C8-4578-A93A-74924876F766}"
EndProject
Project("{FAE04EC0-301F-11D3-BF4B-00C04F79EFBC}") = "Day23", "Day23\Day23.csproj", "{5F6FB04E-0395-4B65-B76F-238770203A76}"
EndProject
Project("{FAE04EC0-301F-11D3-BF4B-00C04F79EFBC}") = "Day24", "Day24\Day24.csproj", "{CBAB94B2-6ED0-416F-849A-D050C40E2A8A}"
EndProject
Project("{FAE04EC0-301F-11D3-BF4B-00C04F79EFBC}") = "Day25", "Day25\Day25.csproj", "{D92537F7-55C9-4E4F-AA5A-B9F5515B7923}"
EndProject
Project("{FAE04EC0-301F-11D3-BF4B-00C04F79EFBC}") = "Day02", "Day02\Day02.csproj", "{5AE04DE3-5145-4226-AA0E-A0CE63CDA523}"
EndProject
Project("{FAE04EC0-301F-11D3-BF4B-00C04F79EFBC}") = "Day03", "Day03\Day03.csproj", "{C82722B6-2BDF-4250-85EB-2653111928D1}"
EndProject
Project("{FAE04EC0-301F-11D3-BF4B-00C04F79EFBC}") = "Day04", "Day04\Day04.csproj", "{33D9AFA0-BD91-4C6B-9562-23A28F7F9D85}"
EndProject
Project("{FAE04EC0-301F-11D3-BF4B-00C04F79EFBC}") = "Day05", "Day05\Day05.csproj", "{4FE1BCC9-FE6C-4DAF-9861-BBBFC13F2C59}"
EndProject
Project("{FAE04EC0-301F-11D3-BF4B-00C04F79EFBC}") = "Day06", "Day06\Day06.csproj", "{75FDF588-A0C5-46E3-8A9E-318FDED55B16}"
EndProject
Project("{FAE04EC0-301F-11D3-BF4B-00C04F79EFBC}") = "Day07", "Day07\Day07.csproj", "{AF2FE80C-99D7-45BA-8631-C5C16B1B0C95}"
EndProject
Project("{FAE04EC0-301F-11D3-BF4B-00C04F79EFBC}") = "Day08", "Day08\Day08.csproj", "{93EDB355-B40C-4F8D-A613-878B785D4CDC}"
EndProject
Project("{FAE04EC0-301F-11D3-BF4B-00C04F79EFBC}") = "Day09", "Day09\Day09.csproj", "{43DB31C2-FD52-4A26-9893-4273EC9F4E2B}"
EndProject
Project("{FAE04EC0-301F-11D3-BF4B-00C04F79EFBC}") = "Day01", "Day01\Day01.csproj", "{EDDB80CA-BE74-4568-8992-3C9B19377781}"
EndProject
Global
	GlobalSection(SolutionConfigurationPlatforms) = preSolution
		Debug|Any CPU = Debug|Any CPU
		Release|Any CPU = Release|Any CPU
	EndGlobalSection
	GlobalSection(ProjectConfigurationPlatforms) = postSolution
		{4C1272F1-F769-4271-AE99-34A8CE955795}.Debug|Any CPU.ActiveCfg = Debug|Any CPU
		{4C1272F1-F769-4271-AE99-34A8CE955795}.Debug|Any CPU.Build.0 = Debug|Any CPU
		{4C1272F1-F769-4271-AE99-34A8CE955795}.Release|Any CPU.ActiveCfg = Release|Any CPU
		{4C1272F1-F769-4271-AE99-34A8CE955795}.Release|Any CPU.Build.0 = Release|Any CPU
		{A33E51DC-69E8-421B-A552-58978D1F513A}.Debug|Any CPU.ActiveCfg = Debug|Any CPU
		{A33E51DC-69E8-421B-A552-58978D1F513A}.Debug|Any CPU.Build.0 = Debug|Any CPU
		{A33E51DC-69E8-421B-A552-58978D1F513A}.Release|Any CPU.ActiveCfg = Release|Any CPU
		{A33E51DC-69E8-421B-A552-58978D1F513A}.Release|Any CPU.Build.0 = Release|Any CPU
		{1EA41E8B-B5BC-4783-8FDA-FA5A1B380DB7}.Debug|Any CPU.ActiveCfg = Debug|Any CPU
		{1EA41E8B-B5BC-4783-8FDA-FA5A1B380DB7}.Debug|Any CPU.Build.0 = Debug|Any CPU
		{1EA41E8B-B5BC-4783-8FDA-FA5A1B380DB7}.Release|Any CPU.ActiveCfg = Release|Any CPU
		{1EA41E8B-B5BC-4783-8FDA-FA5A1B380DB7}.Release|Any CPU.Build.0 = Release|Any CPU
		{C9AF81B0-5189-4C44-9CAA-5AD73A12340B}.Debug|Any CPU.ActiveCfg = Debug|Any CPU
		{C9AF81B0-5189-4C44-9CAA-5AD73A12340B}.Debug|Any CPU.Build.0 = Debug|Any CPU
		{C9AF81B0-5189-4C44-9CAA-5AD73A12340B}.Release|Any CPU.ActiveCfg = Release|Any CPU
		{C9AF81B0-5189-4C44-9CAA-5AD73A12340B}.Release|Any CPU.Build.0 = Release|Any CPU
		{F899A0A6-1D6D-4CB6-929F-4C21D81D2B75}.Debug|Any CPU.ActiveCfg = Debug|Any CPU
		{F899A0A6-1D6D-4CB6-929F-4C21D81D2B75}.Debug|Any CPU.Build.0 = Debug|Any CPU
		{F899A0A6-1D6D-4CB6-929F-4C21D81D2B75}.Release|Any CPU.ActiveCfg = Release|Any CPU
		{F899A0A6-1D6D-4CB6-929F-4C21D81D2B75}.Release|Any CPU.Build.0 = Release|Any CPU
		{913B5B91-50AF-440D-8A54-19165D05277D}.Debug|Any CPU.ActiveCfg = Debug|Any CPU
		{913B5B91-50AF-440D-8A54-19165D05277D}.Debug|Any CPU.Build.0 = Debug|Any CPU
		{913B5B91-50AF-440D-8A54-19165D05277D}.Release|Any CPU.ActiveCfg = Release|Any CPU
		{913B5B91-50AF-440D-8A54-19165D05277D}.Release|Any CPU.Build.0 = Release|Any CPU
		{5488EEE3-D010-49C3-8030-ADCC2F5783D1}.Debug|Any CPU.ActiveCfg = Debug|Any CPU
		{5488EEE3-D010-49C3-8030-ADCC2F5783D1}.Debug|Any CPU.Build.0 = Debug|Any CPU
		{5488EEE3-D010-49C3-8030-ADCC2F5783D1}.Release|Any CPU.ActiveCfg = Release|Any CPU
		{5488EEE3-D010-49C3-8030-ADCC2F5783D1}.Release|Any CPU.Build.0 = Release|Any CPU
		{5F9EEBEC-8629-4E3F-AF9E-451EA72011A6}.Debug|Any CPU.ActiveCfg = Debug|Any CPU
		{5F9EEBEC-8629-4E3F-AF9E-451EA72011A6}.Debug|Any CPU.Build.0 = Debug|Any CPU
		{5F9EEBEC-8629-4E3F-AF9E-451EA72011A6}.Release|Any CPU.ActiveCfg = Release|Any CPU
		{5F9EEBEC-8629-4E3F-AF9E-451EA72011A6}.Release|Any CPU.Build.0 = Release|Any CPU
		{1A896422-1003-4ADB-844A-FCFE342B968F}.Debug|Any CPU.ActiveCfg = Debug|Any CPU
		{1A896422-1003-4ADB-844A-FCFE342B968F}.Debug|Any CPU.Build.0 = Debug|Any CPU
		{1A896422-1003-4ADB-844A-FCFE342B968F}.Release|Any CPU.ActiveCfg = Release|Any CPU
		{1A896422-1003-4ADB-844A-FCFE342B968F}.Release|Any CPU.Build.0 = Release|Any CPU
		{45630E57-92B8-41E5-8DBD-C2EDACFB983A}.Debug|Any CPU.ActiveCfg = Debug|Any CPU
		{45630E57-92B8-41E5-8DBD-C2EDACFB983A}.Debug|Any CPU.Build.0 = Debug|Any CPU
		{45630E57-92B8-41E5-8DBD-C2EDACFB983A}.Release|Any CPU.ActiveCfg = Release|Any CPU
		{45630E57-92B8-41E5-8DBD-C2EDACFB983A}.Release|Any CPU.Build.0 = Release|Any CPU
		{B0F7824F-09B5-4BCD-B82F-7614CF8F010B}.Debug|Any CPU.ActiveCfg = Debug|Any CPU
		{B0F7824F-09B5-4BCD-B82F-7614CF8F010B}.Debug|Any CPU.Build.0 = Debug|Any CPU
		{B0F7824F-09B5-4BCD-B82F-7614CF8F010B}.Release|Any CPU.ActiveCfg = Release|Any CPU
		{B0F7824F-09B5-4BCD-B82F-7614CF8F010B}.Release|Any CPU.Build.0 = Release|Any CPU
		{370B9306-A310-433E-A718-DD8D5E09EC16}.Debug|Any CPU.ActiveCfg = Debug|Any CPU
		{370B9306-A310-433E-A718-DD8D5E09EC16}.Debug|Any CPU.Build.0 = Debug|Any CPU
		{370B9306-A310-433E-A718-DD8D5E09EC16}.Release|Any CPU.ActiveCfg = Release|Any CPU
		{370B9306-A310-433E-A718-DD8D5E09EC16}.Release|Any CPU.Build.0 = Release|Any CPU
		{E32CE8EF-E4C8-4578-A93A-74924876F766}.Debug|Any CPU.ActiveCfg = Debug|Any CPU
		{E32CE8EF-E4C8-4578-A93A-74924876F766}.Debug|Any CPU.Build.0 = Debug|Any CPU
		{E32CE8EF-E4C8-4578-A93A-74924876F766}.Release|Any CPU.ActiveCfg = Release|Any CPU
		{E32CE8EF-E4C8-4578-A93A-74924876F766}.Release|Any CPU.Build.0 = Release|Any CPU
		{5F6FB04E-0395-4B65-B76F-238770203A76}.Debug|Any CPU.ActiveCfg = Debug|Any CPU
		{5F6FB04E-0395-4B65-B76F-238770203A76}.Debug|Any CPU.Build.0 = Debug|Any CPU
		{5F6FB04E-0395-4B65-B76F-238770203A76}.Release|Any CPU.ActiveCfg = Release|Any CPU
		{5F6FB04E-0395-4B65-B76F-238770203A76}.Release|Any CPU.Build.0 = Release|Any CPU
		{CBAB94B2-6ED0-416F-849A-D050C40E2A8A}.Debug|Any CPU.ActiveCfg = Debug|Any CPU
		{CBAB94B2-6ED0-416F-849A-D050C40E2A8A}.Debug|Any CPU.Build.0 = Debug|Any CPU
		{CBAB94B2-6ED0-416F-849A-D050C40E2A8A}.Release|Any CPU.ActiveCfg = Release|Any CPU
		{CBAB94B2-6ED0-416F-849A-D050C40E2A8A}.Release|Any CPU.Build.0 = Release|Any CPU
		{D92537F7-55C9-4E4F-AA5A-B9F5515B7923}.Debug|Any CPU.ActiveCfg = Debug|Any CPU
		{D92537F7-55C9-4E4F-AA5A-B9F5515B7923}.Debug|Any CPU.Build.0 = Debug|Any CPU
		{D92537F7-55C9-4E4F-AA5A-B9F5515B7923}.Release|Any CPU.ActiveCfg = Release|Any CPU
		{D92537F7-55C9-4E4F-AA5A-B9F5515B7923}.Release|Any CPU.Build.0 = Release|Any CPU
		{5AE04DE3-5145-4226-AA0E-A0CE63CDA523}.Debug|Any CPU.ActiveCfg = Debug|Any CPU
		{5AE04DE3-5145-4226-AA0E-A0CE63CDA523}.Debug|Any CPU.Build.0 = Debug|Any CPU
		{5AE04DE3-5145-4226-AA0E-A0CE63CDA523}.Release|Any CPU.ActiveCfg = Release|Any CPU
		{5AE04DE3-5145-4226-AA0E-A0CE63CDA523}.Release|Any CPU.Build.0 = Release|Any CPU
		{C82722B6-2BDF-4250-85EB-2653111928D1}.Debug|Any CPU.ActiveCfg = Debug|Any CPU
		{C82722B6-2BDF-4250-85EB-2653111928D1}.Debug|Any CPU.Build.0 = Debug|Any CPU
		{C82722B6-2BDF-4250-85EB-2653111928D1}.Release|Any CPU.ActiveCfg = Release|Any CPU
		{C82722B6-2BDF-4250-85EB-2653111928D1}.Release|Any CPU.Build.0 = Release|Any CPU
		{33D9AFA0-BD91-4C6B-9562-23A28F7F9D85}.Debug|Any CPU.ActiveCfg = Debug|Any CPU
		{33D9AFA0-BD91-4C6B-9562-23A28F7F9D85}.Debug|Any CPU.Build.0 = Debug|Any CPU
		{33D9AFA0-BD91-4C6B-9562-23A28F7F9D85}.Release|Any CPU.ActiveCfg = Release|Any CPU
		{33D9AFA0-BD91-4C6B-9562-23A28F7F9D85}.Release|Any CPU.Build.0 = Release|Any CPU
		{4FE1BCC9-FE6C-4DAF-9861-BBBFC13F2C59}.Debug|Any CPU.ActiveCfg = Debug|Any CPU
		{4FE1BCC9-FE6C-4DAF-9861-BBBFC13F2C59}.Debug|Any CPU.Build.0 = Debug|Any CPU
		{4FE1BCC9-FE6C-4DAF-9861-BBBFC13F2C59}.Release|Any CPU.ActiveCfg = Release|Any CPU
		{4FE1BCC9-FE6C-4DAF-9861-BBBFC13F2C59}.Release|Any CPU.Build.0 = Release|Any CPU
		{75FDF588-A0C5-46E3-8A9E-318FDED55B16}.Debug|Any CPU.ActiveCfg = Debug|Any CPU
		{75FDF588-A0C5-46E3-8A9E-318FDED55B16}.Debug|Any CPU.Build.0 = Debug|Any CPU
		{75FDF588-A0C5-46E3-8A9E-318FDED55B16}.Release|Any CPU.ActiveCfg = Release|Any CPU
		{75FDF588-A0C5-46E3-8A9E-318FDED55B16}.Release|Any CPU.Build.0 = Release|Any CPU
		{AF2FE80C-99D7-45BA-8631-C5C16B1B0C95}.Debug|Any CPU.ActiveCfg = Debug|Any CPU
		{AF2FE80C-99D7-45BA-8631-C5C16B1B0C95}.Debug|Any CPU.Build.0 = Debug|Any CPU
		{AF2FE80C-99D7-45BA-8631-C5C16B1B0C95}.Release|Any CPU.ActiveCfg = Release|Any CPU
		{AF2FE80C-99D7-45BA-8631-C5C16B1B0C95}.Release|Any CPU.Build.0 = Release|Any CPU
		{93EDB355-B40C-4F8D-A613-878B785D4CDC}.Debug|Any CPU.ActiveCfg = Debug|Any CPU
		{93EDB355-B40C-4F8D-A613-878B785D4CDC}.Debug|Any CPU.Build.0 = Debug|Any CPU
		{93EDB355-B40C-4F8D-A613-878B785D4CDC}.Release|Any CPU.ActiveCfg = Release|Any CPU
		{93EDB355-B40C-4F8D-A613-878B785D4CDC}.Release|Any CPU.Build.0 = Release|Any CPU
		{43DB31C2-FD52-4A26-9893-4273EC9F4E2B}.Debug|Any CPU.ActiveCfg = Debug|Any CPU
		{43DB31C2-FD52-4A26-9893-4273EC9F4E2B}.Debug|Any CPU.Build.0 = Debug|Any CPU
		{43DB31C2-FD52-4A26-9893-4273EC9F4E2B}.Release|Any CPU.ActiveCfg = Release|Any CPU
		{43DB31C2-FD52-4A26-9893-4273EC9F4E2B}.Release|Any CPU.Build.0 = Release|Any CPU
		{EDDB80CA-BE74-4568-8992-3C9B19377781}.Debug|Any CPU.ActiveCfg = Debug|Any CPU
		{EDDB80CA-BE74-4568-8992-3C9B19377781}.Debug|Any CPU.Build.0 = Debug|Any CPU
		{EDDB80CA-BE74-4568-8992-3C9B19377781}.Release|Any CPU.ActiveCfg = Release|Any CPU
		{EDDB80CA-BE74-4568-8992-3C9B19377781}.Release|Any CPU.Build.0 = Release|Any CPU
	EndGlobalSection
	GlobalSection(SolutionProperties) = preSolution
		HideSolutionNode = FALSE
	EndGlobalSection
	GlobalSection(ExtensibilityGlobals) = postSolution
		SolutionGuid = {C994549C-BBDC-416C-A467-7DB1336F3E7D}
	EndGlobalSection
EndGlobal
